
Microsoft Visual Studio Solution File, Format Version 12.00
# Visual Studio 15
VisualStudioVersion = 15.0.28307.1321
MinimumVisualStudioVersion = 10.0.40219.1
Project("{9A19103F-16F7-4668-BE54-9A1E7A4F7556}") = "autoTweeter", "autoTweeter.csproj", "{21412EE5-BA27-47D4-9993-E60F27F1EBA2}"
EndProject
Global
	GlobalSection(SolutionConfigurationPlatforms) = preSolution
		Debug|Any CPU = Debug|Any CPU
		Release|Any CPU = Release|Any CPU
	EndGlobalSection
	GlobalSection(ProjectConfigurationPlatforms) = postSolution
		{21412EE5-BA27-47D4-9993-E60F27F1EBA2}.Debug|Any CPU.ActiveCfg = Debug|Any CPU
		{21412EE5-BA27-47D4-9993-E60F27F1EBA2}.Debug|Any CPU.Build.0 = Debug|Any CPU
		{21412EE5-BA27-47D4-9993-E60F27F1EBA2}.Release|Any CPU.ActiveCfg = Release|Any CPU
		{21412EE5-BA27-47D4-9993-E60F27F1EBA2}.Release|Any CPU.Build.0 = Release|Any CPU
	EndGlobalSection
	GlobalSection(SolutionProperties) = preSolution
		HideSolutionNode = FALSE
	EndGlobalSection
	GlobalSection(ExtensibilityGlobals) = postSolution
		SolutionGuid = {9370A93A-B86E-46CD-86A0-94135B4C2EE6}
	EndGlobalSection
EndGlobal
